
Microsoft Visual Studio Solution File, Format Version 12.00
# Visual Studio Version 16
VisualStudioVersion = 16.0.31313.79
MinimumVisualStudioVersion = 10.0.40219.1
Project("{9A19103F-16F7-4668-BE54-9A1E7A4F7556}") = "FakeInstagram", "FakeInstagram.csproj", "{3B24A7AB-932A-4DBC-9154-D9FD436DBE16}"
EndProject
Global
	GlobalSection(SolutionConfigurationPlatforms) = preSolution
		Debug|Any CPU = Debug|Any CPU
		Release|Any CPU = Release|Any CPU
	EndGlobalSection
	GlobalSection(ProjectConfigurationPlatforms) = postSolution
		{3B24A7AB-932A-4DBC-9154-D9FD436DBE16}.Debug|Any CPU.ActiveCfg = Debug|Any CPU
		{3B24A7AB-932A-4DBC-9154-D9FD436DBE16}.Debug|Any CPU.Build.0 = Debug|Any CPU
		{3B24A7AB-932A-4DBC-9154-D9FD436DBE16}.Release|Any CPU.ActiveCfg = Release|Any CPU
		{3B24A7AB-932A-4DBC-9154-D9FD436DBE16}.Release|Any CPU.Build.0 = Release|Any CPU
	EndGlobalSection
	GlobalSection(SolutionProperties) = preSolution
		HideSolutionNode = FALSE
	EndGlobalSection
	GlobalSection(ExtensibilityGlobals) = postSolution
		SolutionGuid = {30BB9961-00A7-4211-8C77-4D60CCE2C127}
	EndGlobalSection
EndGlobal
