
Microsoft Visual Studio Solution File, Format Version 12.00
# Visual Studio Version 16
VisualStudioVersion = 16.0.31402.337
MinimumVisualStudioVersion = 10.0.40219.1
Project("{FAE04EC0-301F-11D3-BF4B-00C04F79EFBC}") = "FakeInstagram", "FakeInstagram\FakeInstagram.csproj", "{73F7E47C-6508-4456-8353-8390DCA58831}"
EndProject
Project("{FAE04EC0-301F-11D3-BF4B-00C04F79EFBC}") = "FakeInstagramEfModels", "FakeInstagramEfModels\FakeInstagramEfModels.csproj", "{901A4433-D392-4665-8CB1-8EBA9B22D513}"
EndProject
Global
	GlobalSection(SolutionConfigurationPlatforms) = preSolution
		Debug|Any CPU = Debug|Any CPU
		Release|Any CPU = Release|Any CPU
	EndGlobalSection
	GlobalSection(ProjectConfigurationPlatforms) = postSolution
		{73F7E47C-6508-4456-8353-8390DCA58831}.Debug|Any CPU.ActiveCfg = Debug|Any CPU
		{73F7E47C-6508-4456-8353-8390DCA58831}.Debug|Any CPU.Build.0 = Debug|Any CPU
		{73F7E47C-6508-4456-8353-8390DCA58831}.Release|Any CPU.ActiveCfg = Release|Any CPU
		{73F7E47C-6508-4456-8353-8390DCA58831}.Release|Any CPU.Build.0 = Release|Any CPU
		{901A4433-D392-4665-8CB1-8EBA9B22D513}.Debug|Any CPU.ActiveCfg = Debug|Any CPU
		{901A4433-D392-4665-8CB1-8EBA9B22D513}.Debug|Any CPU.Build.0 = Debug|Any CPU
		{901A4433-D392-4665-8CB1-8EBA9B22D513}.Release|Any CPU.ActiveCfg = Release|Any CPU
		{901A4433-D392-4665-8CB1-8EBA9B22D513}.Release|Any CPU.Build.0 = Release|Any CPU
	EndGlobalSection
	GlobalSection(SolutionProperties) = preSolution
		HideSolutionNode = FALSE
	EndGlobalSection
	GlobalSection(ExtensibilityGlobals) = postSolution
		SolutionGuid = {7B96381E-F51C-4329-BF51-D590759C928C}
	EndGlobalSection
EndGlobal
